
Microsoft Visual Studio Solution File, Format Version 12.00
# Visual Studio 15
VisualStudioVersion = 15.0.28307.421
MinimumVisualStudioVersion = 10.0.40219.1
Project("{FAE04EC0-301F-11D3-BF4B-00C04F79EFBC}") = "GenerateMsg", "GenerateMsg\GenerateMsg.csproj", "{03C3179B-1E33-4C13-97A2-9E567F648B14}"
EndProject
Project("{FAE04EC0-301F-11D3-BF4B-00C04F79EFBC}") = "IServiceSupply", "IServiceSupply\IServiceSupply.csproj", "{B66A8B91-CE93-4971-8220-590C00C15641}"
EndProject
Project("{FAE04EC0-301F-11D3-BF4B-00C04F79EFBC}") = "Newbe.Mahua.Plugins.Pikachu", "Newbe.Mahua.Plugins.Pikachu\Newbe.Mahua.Plugins.Pikachu.csproj", "{F3788D82-DEBB-4B84-BBE4-516B3BC0592D}"
EndProject
Project("{FAE04EC0-301F-11D3-BF4B-00C04F79EFBC}") = "Data.Pikachu", "Data.Pikachu\Data.Pikachu.csproj", "{A771044C-4BC1-4927-9FE8-2981FBF8C536}"
EndProject
Project("{FAE04EC0-301F-11D3-BF4B-00C04F79EFBC}") = "ConsoleTest", "ConsoleTest\ConsoleTest.csproj", "{3A14A3A7-DC24-4891-AB09-D75D5E078F29}"
EndProject
Global
	GlobalSection(SolutionConfigurationPlatforms) = preSolution
		Debug|Any CPU = Debug|Any CPU
		Release|Any CPU = Release|Any CPU
	EndGlobalSection
	GlobalSection(ProjectConfigurationPlatforms) = postSolution
		{03C3179B-1E33-4C13-97A2-9E567F648B14}.Debug|Any CPU.ActiveCfg = Debug|Any CPU
		{03C3179B-1E33-4C13-97A2-9E567F648B14}.Debug|Any CPU.Build.0 = Debug|Any CPU
		{03C3179B-1E33-4C13-97A2-9E567F648B14}.Release|Any CPU.ActiveCfg = Release|Any CPU
		{03C3179B-1E33-4C13-97A2-9E567F648B14}.Release|Any CPU.Build.0 = Release|Any CPU
		{B66A8B91-CE93-4971-8220-590C00C15641}.Debug|Any CPU.ActiveCfg = Debug|Any CPU
		{B66A8B91-CE93-4971-8220-590C00C15641}.Debug|Any CPU.Build.0 = Debug|Any CPU
		{B66A8B91-CE93-4971-8220-590C00C15641}.Release|Any CPU.ActiveCfg = Release|Any CPU
		{B66A8B91-CE93-4971-8220-590C00C15641}.Release|Any CPU.Build.0 = Release|Any CPU
		{F3788D82-DEBB-4B84-BBE4-516B3BC0592D}.Debug|Any CPU.ActiveCfg = Debug|Any CPU
		{F3788D82-DEBB-4B84-BBE4-516B3BC0592D}.Debug|Any CPU.Build.0 = Debug|Any CPU
		{F3788D82-DEBB-4B84-BBE4-516B3BC0592D}.Release|Any CPU.ActiveCfg = Release|Any CPU
		{F3788D82-DEBB-4B84-BBE4-516B3BC0592D}.Release|Any CPU.Build.0 = Release|Any CPU
		{A771044C-4BC1-4927-9FE8-2981FBF8C536}.Debug|Any CPU.ActiveCfg = Debug|Any CPU
		{A771044C-4BC1-4927-9FE8-2981FBF8C536}.Debug|Any CPU.Build.0 = Debug|Any CPU
		{A771044C-4BC1-4927-9FE8-2981FBF8C536}.Release|Any CPU.ActiveCfg = Release|Any CPU
		{A771044C-4BC1-4927-9FE8-2981FBF8C536}.Release|Any CPU.Build.0 = Release|Any CPU
		{3A14A3A7-DC24-4891-AB09-D75D5E078F29}.Debug|Any CPU.ActiveCfg = Debug|Any CPU
		{3A14A3A7-DC24-4891-AB09-D75D5E078F29}.Debug|Any CPU.Build.0 = Debug|Any CPU
		{3A14A3A7-DC24-4891-AB09-D75D5E078F29}.Release|Any CPU.ActiveCfg = Release|Any CPU
		{3A14A3A7-DC24-4891-AB09-D75D5E078F29}.Release|Any CPU.Build.0 = Release|Any CPU
	EndGlobalSection
	GlobalSection(SolutionProperties) = preSolution
		HideSolutionNode = FALSE
	EndGlobalSection
	GlobalSection(ExtensibilityGlobals) = postSolution
		SolutionGuid = {9D0589EC-F140-4F84-BAF6-78141455FF3F}
	EndGlobalSection
EndGlobal
